<?xml version="1.0" encoding="utf-8"?>
<Project ToolsVersion="4.0" xmlns="http://schemas.microsoft.com/developer/msbuild/2003">
  <ItemGroup>
    <Filter Include="Archivos de origen">
      <UniqueIdentifier>{4FC737F1-C7A5-4376-A066-2A32D752A2FF}</UniqueIdentifier>
      <Extensions>cpp;c;cc;cxx;c++;cppm;ixx;def;odl;idl;hpj;bat;asm;asmx</Extensions>
    </Filter>
    <Filter Include="Archivos de encabezado">
      <UniqueIdentifier>{93995380-89BD-4b04-88EB-625FBE52EBFB}</UniqueIdentifier>
      <Extensions>h;hh;hpp;hxx;h++;hm;inl;inc;ipp;xsd</Extensions>
    </Filter>
    <Filter Include="Archivos de recursos">
      <UniqueIdentifier>{67DA6AB6-F800-4c08-8B7A-83BB121AAD01}</UniqueIdentifier>
      <Extensions>rc;ico;cur;bmp;dlg;rc2;rct;bin;rgs;gif;jpg;jpeg;jpe;resx;tiff;tif;png;wav;mfcribbon-ms</Extensions>
    </Filter>
    <Filter Include="mem">
      <UniqueIdentifier>{23423f8b-fff8-4741-9ddd-248428d31bd1}</UniqueIdentifier>
    </Filter>
    <Filter Include="proc">
      <UniqueIdentifier>{26b73010-6687-476f-a1f9-44f28b85682f}</UniqueIdentifier>
    </Filter>
    <Filter Include="classes">
      <UniqueIdentifier>{7638d182-a4b1-4e07-89f6-ad33ca878be4}</UniqueIdentifier>
    </Filter>
    <Filter Include="features">
      <UniqueIdentifier>{b78abb3a-1a7b-416f-b589-2b3596ac6b70}</UniqueIdentifier>
    </Filter>
  </ItemGroup>
  <ItemGroup>
    <ClInclude Include="source\framework.h">
      <Filter>Archivos de encabezado</Filter>
    </ClInclude>
    <ClInclude Include="source\interfaces\interfaces.h">
      <Filter>Archivos de encabezado</Filter>
    </ClInclude>
    <ClInclude Include="source\stdafx.h">
      <Filter>Archivos de encabezado</Filter>
    </ClInclude>
    <ClInclude Include="source\util\proc.h">
      <Filter>proc</Filter>
    </ClInclude>
    <ClInclude Include="source\classes\CEntity.h">
      <Filter>classes</Filter>
    </ClInclude>
    <ClInclude Include="source\util\vector.h">
      <Filter>classes</Filter>
    </ClInclude>
    <ClInclude Include="source\datatable.h">
      <Filter>Archivos de encabezado</Filter>
    </ClInclude>
    <ClInclude Include="source\util\netvar.h">
      <Filter>Archivos de encabezado</Filter>
    </ClInclude>
    <ClInclude Include="source\features\misc.h">
      <Filter>features</Filter>
    </ClInclude>
    <ClInclude Include="source\globals.h">
      <Filter>Archivos de encabezado</Filter>
    </ClInclude>
    <ClInclude Include="source\util\util.h">
      <Filter>Archivos de encabezado</Filter>
    </ClInclude>
    <ClInclude Include="ext\minhook\hde\hde32.h">
      <Filter>Archivos de encabezado</Filter>
    </ClInclude>
    <ClInclude Include="ext\minhook\hde\hde64.h">
      <Filter>Archivos de encabezado</Filter>
    </ClInclude>
    <ClInclude Include="ext\minhook\hde\pstdint.h">
      <Filter>Archivos de encabezado</Filter>
    </ClInclude>
    <ClInclude Include="ext\minhook\hde\table32.h">
      <Filter>Archivos de encabezado</Filter>
    </ClInclude>
    <ClInclude Include="ext\minhook\hde\table64.h">
      <Filter>Archivos de encabezado</Filter>
    </ClInclude>
    <ClInclude Include="ext\minhook\buffer.h">
      <Filter>Archivos de encabezado</Filter>
    </ClInclude>
    <ClInclude Include="ext\minhook\MinHook.h">
      <Filter>Archivos de encabezado</Filter>
    </ClInclude>
    <ClInclude Include="ext\minhook\trampoline.h">
      <Filter>Archivos de encabezado</Filter>
    </ClInclude>
    <ClInclude Include="source\hooks.h">
      <Filter>Archivos de encabezado</Filter>
    </ClInclude>
    <ClInclude Include="source\util\usercmd.h">
      <Filter>Archivos de encabezado</Filter>
    </ClInclude>
    <ClInclude Include="source\features\esp.h">
      <Filter>Archivos de encabezado</Filter>
    </ClInclude>
    <ClInclude Include="source\util\mem.h">
      <Filter>Archivos de encabezado</Filter>
    </ClInclude>
    <ClInclude Include="source\features\aimbot.h">
      <Filter>Archivos de encabezado</Filter>
    </ClInclude>
    <ClInclude Include="source\interfaces\IVEngineClient.h">
      <Filter>Archivos de encabezado</Filter>
    </ClInclude>
    <ClInclude Include="source\interfaces\IClientEntityList.h">
      <Filter>Archivos de encabezado</Filter>
    </ClInclude>
    <ClInclude Include="source\interfaces\IBaseClientDll.h">
      <Filter>Archivos de encabezado</Filter>
    </ClInclude>
    <ClInclude Include="source\interfaces\IVDebugOverlay.h">
      <Filter>Archivos de encabezado</Filter>
    </ClInclude>
    <ClInclude Include="source\interfaces\ISurface.h">
      <Filter>Archivos de encabezado</Filter>
    </ClInclude>
    <ClInclude Include="source\fnv.h">
      <Filter>Archivos de encabezado</Filter>
    </ClInclude>
    <ClInclude Include="source\pch.h">
      <Filter>Archivos de encabezado</Filter>
    </ClInclude>
    <ClInclude Include="source\interfaces\IVModelRender.h">
      <Filter>Archivos de encabezado</Filter>
    </ClInclude>
    <ClInclude Include="source\interfaces\IStudioRender.h">
      <Filter>Archivos de encabezado</Filter>
    </ClInclude>
    <ClInclude Include="source\interfaces\IMaterialSystem.h">
      <Filter>Archivos de encabezado</Filter>
    </ClInclude>
    <ClInclude Include="source\interfaces\IVModelInfo.h">
      <Filter>Archivos de encabezado</Filter>
    </ClInclude>
    <ClInclude Include="source\interfaces\CKeyValues.h">
      <Filter>Archivos de encabezado</Filter>
    </ClInclude>
    <ClInclude Include="source\interfaces\IGlobalVars.h">
      <Filter>Archivos de encabezado</Filter>
    </ClInclude>
    <ClInclude Include="source\interfaces\IEngineClientReplay.h">
      <Filter>Archivos de encabezado</Filter>
    </ClInclude>
    <ClInclude Include="source\interfaces\IVRenderView.h">
      <Filter>Archivos de encabezado</Filter>
    </ClInclude>
    <ClInclude Include="source\util\color.h">
      <Filter>Archivos de encabezado</Filter>
    </ClInclude>
    <ClInclude Include="source\util\enums.h">
      <Filter>Archivos de encabezado</Filter>
    </ClInclude>
    <ClInclude Include="source\classes\CBaseCombatWeapon.h">
      <Filter>Archivos de encabezado</Filter>
    </ClInclude>
    <ClInclude Include="source\classes\CBaseHandle.h">
      <Filter>Archivos de encabezado</Filter>
    </ClInclude>
    <ClInclude Include="source\classes\CC4.h">
      <Filter>Archivos de encabezado</Filter>
    </ClInclude>
    <ClInclude Include="source\classes\CPlantedC4.h">
      <Filter>Archivos de encabezado</Filter>
    </ClInclude>
    <ClInclude Include="source\classes\CCSPlayerResource.h">
      <Filter>Archivos de encabezado</Filter>
    </ClInclude>
    <ClInclude Include="ext\imgui\imconfig.h">
      <Filter>Archivos de encabezado</Filter>
    </ClInclude>
    <ClInclude Include="ext\imgui\imgui.h">
      <Filter>Archivos de encabezado</Filter>
    </ClInclude>
    <ClInclude Include="ext\imgui\imgui_internal.h">
      <Filter>Archivos de encabezado</Filter>
    </ClInclude>
    <ClInclude Include="ext\imgui\imstb_rectpack.h">
      <Filter>Archivos de encabezado</Filter>
    </ClInclude>
    <ClInclude Include="ext\imgui\imstb_textedit.h">
      <Filter>Archivos de encabezado</Filter>
    </ClInclude>
    <ClInclude Include="ext\imgui\imstb_truetype.h">
      <Filter>Archivos de encabezado</Filter>
    </ClInclude>
    <ClInclude Include="source\gui.h">
      <Filter>Archivos de encabezado</Filter>
    </ClInclude>
    <ClInclude Include="ext\imgui\imgui_impl_dx9.h">
      <Filter>Archivos de encabezado</Filter>
    </ClInclude>
    <ClInclude Include="ext\imgui\imgui_impl_win32.h">
      <Filter>Archivos de encabezado</Filter>
    </ClInclude>
    <ClInclude Include="source\features\autowall.h">
      <Filter>Archivos de encabezado</Filter>
    </ClInclude>
    <ClInclude Include="source\interfaces\IAppSystem.hpp">
      <Filter>Archivos de encabezado</Filter>
    </ClInclude>
    <ClInclude Include="source\interfaces\IConVar.hpp">
      <Filter>Archivos de encabezado</Filter>
    </ClInclude>
    <ClInclude Include="source\interfaces\ICvar.hpp">
      <Filter>Archivos de encabezado</Filter>
    </ClInclude>
    <ClInclude Include="source\config.h">
      <Filter>Archivos de encabezado</Filter>
    </ClInclude>
    <ClInclude Include="source\interfaces\QAngle.hpp">
      <Filter>Archivos de encabezado</Filter>
    </ClInclude>
    <ClInclude Include="source\util\Memory.h">
      <Filter>Archivos de encabezado</Filter>
    </ClInclude>
    <ClInclude Include="source\stb_image.h">
      <Filter>Archivos de encabezado</Filter>
    </ClInclude>
    <ClInclude Include="source\interfaces\engine_prediction.h">
      <Filter>Archivos de encabezado</Filter>
    </ClInclude>
    <ClInclude Include="source\classes\c_move_data.h">
      <Filter>Archivos de encabezado</Filter>
    </ClInclude>
    <ClInclude Include="source\classes\game_movement.h">
      <Filter>Archivos de encabezado</Filter>
    </ClInclude>
    <ClInclude Include="source\classes\client_prediction.h">
      <Filter>Archivos de encabezado</Filter>
    </ClInclude>
    <ClInclude Include="source\util\crc.h">
      <Filter>Archivos de encabezado</Filter>
    </ClInclude>
    <ClInclude Include="ext\imgui\imgui_freetype.h">
      <Filter>Archivos de encabezado</Filter>
    </ClInclude>
    <ClInclude Include="source\classes\iphysicssurfaceprops.h">
      <Filter>Archivos de encabezado</Filter>
    </ClInclude>
    <ClInclude Include="source\interfaces\iphysicssurfaceprops.h">
      <Filter>Archivos de encabezado</Filter>
    </ClInclude>
  </ItemGroup>
  <ItemGroup>
    <ClCompile Include="source\dllmain.cpp">
      <Filter>Archivos de origen</Filter>
    </ClCompile>
    <ClCompile Include="source\pch.cpp">
      <Filter>Archivos de origen</Filter>
    </ClCompile>
    <ClCompile Include="source\classes\CEntity.cpp">
      <Filter>classes</Filter>
    </ClCompile>
    <ClCompile Include="source\util\netvar.cpp">
      <Filter>Archivos de origen</Filter>
    </ClCompile>
    <ClCompile Include="source\features\misc.cpp">
      <Filter>features</Filter>
    </ClCompile>
    <ClCompile Include="source\interfaces\interfaces.cpp">
      <Filter>Archivos de origen</Filter>
    </ClCompile>
    <ClCompile Include="ext\minhook\hde\hde32.c">
      <Filter>Archivos de origen</Filter>
    </ClCompile>
    <ClCompile Include="ext\minhook\hde\hde64.c">
      <Filter>Archivos de origen</Filter>
    </ClCompile>
    <ClCompile Include="ext\minhook\buffer.c">
      <Filter>Archivos de origen</Filter>
    </ClCompile>
    <ClCompile Include="ext\minhook\hook.c">
      <Filter>Archivos de origen</Filter>
    </ClCompile>
    <ClCompile Include="ext\minhook\trampoline.c">
      <Filter>Archivos de origen</Filter>
    </ClCompile>
    <ClCompile Include="source\hooks.cpp">
      <Filter>Archivos de origen</Filter>
    </ClCompile>
    <ClCompile Include="source\features\esp.cpp">
      <Filter>Archivos de origen</Filter>
    </ClCompile>
    <ClCompile Include="source\util\mem.cpp">
      <Filter>Archivos de origen</Filter>
    </ClCompile>
    <ClCompile Include="source\features\aimbot.cpp">
      <Filter>Archivos de origen</Filter>
    </ClCompile>
    <ClCompile Include="source\util\proc.cpp">
      <Filter>Archivos de origen</Filter>
    </ClCompile>
    <ClCompile Include="source\classes\CC4.cpp">
      <Filter>Archivos de origen</Filter>
    </ClCompile>
    <ClCompile Include="source\interfaces\IClientEntityList.cpp">
      <Filter>Archivos de origen</Filter>
    </ClCompile>
    <ClCompile Include="source\classes\CBaseCombatWeapon.cpp">
      <Filter>Archivos de origen</Filter>
    </ClCompile>
    <ClCompile Include="ext\imgui\imgui.cpp">
      <Filter>Archivos de origen</Filter>
    </ClCompile>
    <ClCompile Include="ext\imgui\imgui_demo.cpp">
      <Filter>Archivos de origen</Filter>
    </ClCompile>
    <ClCompile Include="ext\imgui\imgui_draw.cpp">
      <Filter>Archivos de origen</Filter>
    </ClCompile>
    <ClCompile Include="ext\imgui\imgui_tables.cpp">
      <Filter>Archivos de origen</Filter>
    </ClCompile>
    <ClCompile Include="ext\imgui\imgui_widgets.cpp">
      <Filter>Archivos de origen</Filter>
    </ClCompile>
    <ClCompile Include="source\gui.cpp">
      <Filter>Archivos de origen</Filter>
    </ClCompile>
    <ClCompile Include="ext\imgui\imgui_impl_dx9.cpp">
      <Filter>Archivos de origen</Filter>
    </ClCompile>
    <ClCompile Include="ext\imgui\imgui_impl_win32.cpp">
      <Filter>Archivos de origen</Filter>
    </ClCompile>
    <ClCompile Include="source\features\autowall.cpp">
      <Filter>Archivos de origen</Filter>
    </ClCompile>
    <ClCompile Include="source\config.cpp">
      <Filter>Archivos de origen</Filter>
    </ClCompile>
    <ClCompile Include="source\interfaces\engine_prediction.cpp">
      <Filter>Archivos de origen</Filter>
    </ClCompile>
    <ClCompile Include="source\classes\singleton.h">
      <Filter>Archivos de origen</Filter>
    </ClCompile>
    <ClCompile Include="source\util\crc.cpp">
      <Filter>Archivos de origen</Filter>
    </ClCompile>
    <ClCompile Include="ext\imgui\imgui_freetype.cpp">
      <Filter>Archivos de origen</Filter>
    </ClCompile>
  </ItemGroup>
  <ItemGroup>
    <None Include="vcpkg.json" />
  </ItemGroup>
</Project>